
Microsoft Visual Studio Solution File, Format Version 12.00
# Visual Studio 2012
Project("{FAE04EC0-301F-11D3-BF4B-00C04F79EFBC}") = "TipCalculator", "TipCalculator\TipCalculator.csproj", "{07FAF901-2BB4-43B5-84EF-2C04BE4329AD}"
EndProject
Global
	GlobalSection(SolutionConfigurationPlatforms) = preSolution
		Debug|iPhoneSimulator = Debug|iPhoneSimulator
		Release|iPhone = Release|iPhone
		Release|iPhoneSimulator = Release|iPhoneSimulator
		Debug|iPhone = Debug|iPhone
	EndGlobalSection
	GlobalSection(ProjectConfigurationPlatforms) = postSolution
		{07FAF901-2BB4-43B5-84EF-2C04BE4329AD}.Debug|iPhoneSimulator.ActiveCfg = Debug|iPhoneSimulator
		{07FAF901-2BB4-43B5-84EF-2C04BE4329AD}.Debug|iPhoneSimulator.Build.0 = Debug|iPhoneSimulator
		{07FAF901-2BB4-43B5-84EF-2C04BE4329AD}.Release|iPhone.ActiveCfg = Release|iPhone
		{07FAF901-2BB4-43B5-84EF-2C04BE4329AD}.Release|iPhone.Build.0 = Release|iPhone
		{07FAF901-2BB4-43B5-84EF-2C04BE4329AD}.Release|iPhoneSimulator.ActiveCfg = Release|iPhoneSimulator
		{07FAF901-2BB4-43B5-84EF-2C04BE4329AD}.Release|iPhoneSimulator.Build.0 = Release|iPhoneSimulator
		{07FAF901-2BB4-43B5-84EF-2C04BE4329AD}.Debug|iPhone.ActiveCfg = Debug|iPhone
		{07FAF901-2BB4-43B5-84EF-2C04BE4329AD}.Debug|iPhone.Build.0 = Debug|iPhone
	EndGlobalSection
EndGlobal
